
Microsoft Visual Studio Solution File, Format Version 12.00
# Visual Studio Version 17
VisualStudioVersion = 17.10.35027.167
MinimumVisualStudioVersion = 10.0.40219.1
Project("{FAE04EC0-301F-11D3-BF4B-00C04F79EFBC}") = "MaxStore", "MaxStore\MaxStore.csproj", "{5BF10518-18A9-4DF4-81BB-FE8828EACC42}"
EndProject
Global
	GlobalSection(SolutionConfigurationPlatforms) = preSolution
		Debug|Any CPU = Debug|Any CPU
		Release|Any CPU = Release|Any CPU
	EndGlobalSection
	GlobalSection(ProjectConfigurationPlatforms) = postSolution
		{5BF10518-18A9-4DF4-81BB-FE8828EACC42}.Debug|Any CPU.ActiveCfg = Debug|Any CPU
		{5BF10518-18A9-4DF4-81BB-FE8828EACC42}.Debug|Any CPU.Build.0 = Debug|Any CPU
		{5BF10518-18A9-4DF4-81BB-FE8828EACC42}.Release|Any CPU.ActiveCfg = Release|Any CPU
		{5BF10518-18A9-4DF4-81BB-FE8828EACC42}.Release|Any CPU.Build.0 = Release|Any CPU
	EndGlobalSection
	GlobalSection(SolutionProperties) = preSolution
		HideSolutionNode = FALSE
	EndGlobalSection
	GlobalSection(ExtensibilityGlobals) = postSolution
		SolutionGuid = {F5C026D6-A242-4DA4-9375-07F26EF1D67B}
	EndGlobalSection
EndGlobal
